# This file is automatically @generated by Cargo.
# It is not intended for manual editing.
version = 4

[[package]]
name = "cc"
version = "1.2.61"
source = "registry+https://github.com/rust-lang/crates.io-index"
checksum = "d16d90359e986641506914ba71350897565610e87ce0ad9e6f28569db3dd5c6d"
dependencies = [
 "find-msvc-tools",
 "shlex",
]

[[package]]
name = "equivalent"
version = "1.0.2"
source = "registry+https://github.com/rust-lang/crates.io-index"
checksum = "877a4ace8713b0bcf2a4e7eec82529c029f1d0619886d18145fea96c3ffe5c0f"

[[package]]
name = "find-msvc-tools"
version = "0.1.9"
source = "registry+https://github.com/rust-lang/crates.io-index"
checksum = "5baebc0774151f905a1a2cc41989300b1e6fbb29aff0ceffa1064fdd3088d582"

[[package]]
name = "hashbrown"
version = "0.17.0"
source = "registry+https://github.com/rust-lang/crates.io-index"
checksum = "4f467dd6dccf739c208452f8014c75c18bb8301b050ad1cfb27153803edb0f51"

[[package]]
name = "indexmap"
version = "2.14.0"
source = "registry+https://github.com/rust-lang/crates.io-index"
checksum = "d466e9454f08e4a911e14806c24e16fba1b4c121d1ea474396f396069cf949d9"
dependencies = [
 "equivalent",
 "hashbrown",
]

[[package]]
name = "libmimalloc-sys"
version = "0.1.47"
source = "registry+https://github.com/rust-lang/crates.io-index"
checksum = "2d1eacfa31c33ec25e873c136ba5669f00f9866d0688bea7be4d3f7e43067df6"
dependencies = [
 "cc",
]

[[package]]
name = "mimalloc"
version = "0.1.50"
source = "registry+https://github.com/rust-lang/crates.io-index"
checksum = "b3627c4272df786b9260cabaa46aec1d59c93ede723d4c3ef646c503816b0640"
dependencies = [
 "libmimalloc-sys",
]

[[package]]
name = "rand_mt"
version = "6.0.3"
source = "registry+https://github.com/rust-lang/crates.io-index"
checksum = "f4f926523c30345680eb6641f4256a151f0826c5605e190177541f9e40a32390"

[[package]]
name = "rustc-hash"
version = "1.1.0"
source = "registry+https://github.com/rust-lang/crates.io-index"
checksum = "08d43f7aa6b08d49f382cde6a7982047c3426db949b1424bc4b7ec9ae12c6ce2"

[[package]]
name = "shlex"
version = "1.3.0"
source = "registry+https://github.com/rust-lang/crates.io-index"
checksum = "0fda2ff0d084019ba4d7c6f371c95d8fd75ce3524c3cb8fb653a3023f6323e64"

[[package]]
name = "tiger"
version = "0.1.0"
dependencies = [
 "indexmap",
 "mimalloc",
 "rand_mt",
 "rustc-hash",
]
